// !$*UTF8*$!
{
	archiveVersion = 1;
	classes = {
	};
	objectVersion = 56;
	objects = {

/* Begin PBXBuildFile section */
		08ADD7DA05BD3FA60FC90022 /* Pods_WA4_He_8274.framework in Frameworks */ = {isa = PBXBuildFile; fileRef = 6FEDF1C93E2F01AEA01562AF /* Pods_WA4_He_8274.framework */; };
		831191232AEC9D56007FE1FF /* NotificationNames.swift in Sources */ = {isa = PBXBuildFile; fileRef = 831191222AEC9D56007FE1FF /* NotificationNames.swift */; };
		831191252AECB6BA007FE1FF /* APIConfigs.swift in Sources */ = {isa = PBXBuildFile; fileRef = 831191242AECB6BA007FE1FF /* APIConfigs.swift */; };
		831191282AECB7D1007FE1FF /* EditContactControllerViewController.swift in Sources */ = {isa = PBXBuildFile; fileRef = 831191272AECB7D1007FE1FF /* EditContactControllerViewController.swift */; };
		8311912A2AECB7E9007FE1FF /* EditContactView.swift in Sources */ = {isa = PBXBuildFile; fileRef = 831191292AECB7E9007FE1FF /* EditContactView.swift */; };
		8311912F2AEDBF99007FE1FF /* Package.swift in Sources */ = {isa = PBXBuildFile; fileRef = 8311912E2AEDBF99007FE1FF /* Package.swift */; };
		83F77BC32ACF156F00C0AE86 /* AppDelegate.swift in Sources */ = {isa = PBXBuildFile; fileRef = 83F77BC22ACF156F00C0AE86 /* AppDelegate.swift */; };
		83F77BC52ACF156F00C0AE86 /* SceneDelegate.swift in Sources */ = {isa = PBXBuildFile; fileRef = 83F77BC42ACF156F00C0AE86 /* SceneDelegate.swift */; };
		83F77BC72ACF156F00C0AE86 /* ViewController.swift in Sources */ = {isa = PBXBuildFile; fileRef = 83F77BC62ACF156F00C0AE86 /* ViewController.swift */; };
		83F77BCA2ACF156F00C0AE86 /* Main.storyboard in Resources */ = {isa = PBXBuildFile; fileRef = 83F77BC82ACF156F00C0AE86 /* Main.storyboard */; };
		83F77BCC2ACF157100C0AE86 /* Assets.xcassets in Resources */ = {isa = PBXBuildFile; fileRef = 83F77BCB2ACF157100C0AE86 /* Assets.xcassets */; };
		83F77BCF2ACF157100C0AE86 /* LaunchScreen.storyboard in Resources */ = {isa = PBXBuildFile; fileRef = 83F77BCD2ACF157100C0AE86 /* LaunchScreen.storyboard */; };
		83F77BDB2ACF17F200C0AE86 /* ContactListView.swift in Sources */ = {isa = PBXBuildFile; fileRef = 83F77BDA2ACF17F200C0AE86 /* ContactListView.swift */; };
		83F77BDD2ACF182300C0AE86 /* TableViewContactCell.swift in Sources */ = {isa = PBXBuildFile; fileRef = 83F77BDC2ACF182300C0AE86 /* TableViewContactCell.swift */; };
		83F77BE02ACF184C00C0AE86 /* CreateContactViewController.swift in Sources */ = {isa = PBXBuildFile; fileRef = 83F77BDF2ACF184C00C0AE86 /* CreateContactViewController.swift */; };
		83F77BE22ACF185C00C0AE86 /* CreateContactView.swift in Sources */ = {isa = PBXBuildFile; fileRef = 83F77BE12ACF185C00C0AE86 /* CreateContactView.swift */; };
		83F77BE42ACF187100C0AE86 /* ContactDetailsView.swift in Sources */ = {isa = PBXBuildFile; fileRef = 83F77BE32ACF187100C0AE86 /* ContactDetailsView.swift */; };
		83F77BE92ACF193200C0AE86 /* Contact.swift in Sources */ = {isa = PBXBuildFile; fileRef = 83F77BE82ACF193200C0AE86 /* Contact.swift */; };
		83F77BEB2AD090FA00C0AE86 /* PhoneTypes.swift in Sources */ = {isa = PBXBuildFile; fileRef = 83F77BEA2AD090F900C0AE86 /* PhoneTypes.swift */; };
		83F77BED2AD09E2000C0AE86 /* ContactDetailsViewController.swift in Sources */ = {isa = PBXBuildFile; fileRef = 83F77BEC2AD09E2000C0AE86 /* ContactDetailsViewController.swift */; };
/* End PBXBuildFile section */

/* Begin PBXFileReference section */
		6FEDF1C93E2F01AEA01562AF /* Pods_WA4_He_8274.framework */ = {isa = PBXFileReference; explicitFileType = wrapper.framework; includeInIndex = 0; path = Pods_WA4_He_8274.framework; sourceTree = BUILT_PRODUCTS_DIR; };
		831191222AEC9D56007FE1FF /* NotificationNames.swift */ = {isa = PBXFileReference; lastKnownFileType = sourcecode.swift; path = NotificationNames.swift; sourceTree = "<group>"; };
		831191242AECB6BA007FE1FF /* APIConfigs.swift */ = {isa = PBXFileReference; lastKnownFileType = sourcecode.swift; path = APIConfigs.swift; sourceTree = "<group>"; };
		831191272AECB7D1007FE1FF /* EditContactControllerViewController.swift */ = {isa = PBXFileReference; lastKnownFileType = sourcecode.swift; path = EditContactControllerViewController.swift; sourceTree = "<group>"; };
		831191292AECB7E9007FE1FF /* EditContactView.swift */ = {isa = PBXFileReference; lastKnownFileType = sourcecode.swift; path = EditContactView.swift; sourceTree = "<group>"; };
		8311912E2AEDBF99007FE1FF /* Package.swift */ = {isa = PBXFileReference; lastKnownFileType = sourcecode.swift; path = Package.swift; sourceTree = "<group>"; };
		83F77BBF2ACF156F00C0AE86 /* WA4_He_8274.app */ = {isa = PBXFileReference; explicitFileType = wrapper.application; includeInIndex = 0; path = WA4_He_8274.app; sourceTree = BUILT_PRODUCTS_DIR; };
		83F77BC22ACF156F00C0AE86 /* AppDelegate.swift */ = {isa = PBXFileReference; lastKnownFileType = sourcecode.swift; path = AppDelegate.swift; sourceTree = "<group>"; };
		83F77BC42ACF156F00C0AE86 /* SceneDelegate.swift */ = {isa = PBXFileReference; lastKnownFileType = sourcecode.swift; path = SceneDelegate.swift; sourceTree = "<group>"; };
		83F77BC62ACF156F00C0AE86 /* ViewController.swift */ = {isa = PBXFileReference; lastKnownFileType = sourcecode.swift; path = ViewController.swift; sourceTree = "<group>"; };
		83F77BC92ACF156F00C0AE86 /* Base */ = {isa = PBXFileReference; lastKnownFileType = file.storyboard; name = Base; path = Base.lproj/Main.storyboard; sourceTree = "<group>"; };
		83F77BCB2ACF157100C0AE86 /* Assets.xcassets */ = {isa = PBXFileReference; lastKnownFileType = folder.assetcatalog; path = Assets.xcassets; sourceTree = "<group>"; };
		83F77BCE2ACF157100C0AE86 /* Base */ = {isa = PBXFileReference; lastKnownFileType = file.storyboard; name = Base; path = Base.lproj/LaunchScreen.storyboard; sourceTree = "<group>"; };
		83F77BD02ACF157100C0AE86 /* Info.plist */ = {isa = PBXFileReference; lastKnownFileType = text.plist.xml; path = Info.plist; sourceTree = "<group>"; };
		83F77BDA2ACF17F200C0AE86 /* ContactListView.swift */ = {isa = PBXFileReference; lastKnownFileType = sourcecode.swift; path = ContactListView.swift; sourceTree = "<group>"; };
		83F77BDC2ACF182300C0AE86 /* TableViewContactCell.swift */ = {isa = PBXFileReference; lastKnownFileType = sourcecode.swift; path = TableViewContactCell.swift; sourceTree = "<group>"; };
		83F77BDF2ACF184C00C0AE86 /* CreateContactViewController.swift */ = {isa = PBXFileReference; lastKnownFileType = sourcecode.swift; path = CreateContactViewController.swift; sourceTree = "<group>"; };
		83F77BE12ACF185C00C0AE86 /* CreateContactView.swift */ = {isa = PBXFileReference; lastKnownFileType = sourcecode.swift; path = CreateContactView.swift; sourceTree = "<group>"; };
		83F77BE32ACF187100C0AE86 /* ContactDetailsView.swift */ = {isa = PBXFileReference; lastKnownFileType = sourcecode.swift; path = ContactDetailsView.swift; sourceTree = "<group>"; };
		83F77BE82ACF193200C0AE86 /* Contact.swift */ = {isa = PBXFileReference; lastKnownFileType = sourcecode.swift; path = Contact.swift; sourceTree = "<group>"; };
		83F77BEA2AD090F900C0AE86 /* PhoneTypes.swift */ = {isa = PBXFileReference; lastKnownFileType = sourcecode.swift; path = PhoneTypes.swift; sourceTree = "<group>"; };
		83F77BEC2AD09E2000C0AE86 /* ContactDetailsViewController.swift */ = {isa = PBXFileReference; lastKnownFileType = sourcecode.swift; path = ContactDetailsViewController.swift; sourceTree = "<group>"; };
		A0F8E35BD09A3D17738712CA /* Pods-WA4_He_8274.release.xcconfig */ = {isa = PBXFileReference; includeInIndex = 1; lastKnownFileType = text.xcconfig; name = "Pods-WA4_He_8274.release.xcconfig"; path = "Target Support Files/Pods-WA4_He_8274/Pods-WA4_He_8274.release.xcconfig"; sourceTree = "<group>"; };
		C7CF62880248BA7C1067E094 /* Pods-WA4_He_8274.debug.xcconfig */ = {isa = PBXFileReference; includeInIndex = 1; lastKnownFileType = text.xcconfig; name = "Pods-WA4_He_8274.debug.xcconfig"; path = "Target Support Files/Pods-WA4_He_8274/Pods-WA4_He_8274.debug.xcconfig"; sourceTree = "<group>"; };
/* End PBXFileReference section */

/* Begin PBXFrameworksBuildPhase section */
		83F77BBC2ACF156F00C0AE86 /* Frameworks */ = {
			isa = PBXFrameworksBuildPhase;
			buildActionMask = 2147483647;
			files = (
				08ADD7DA05BD3FA60FC90022 /* Pods_WA4_He_8274.framework in Frameworks */,
			);
			runOnlyForDeploymentPostprocessing = 0;
		};
/* End PBXFrameworksBuildPhase section */

/* Begin PBXGroup section */
		56F015E9D906B5A54E997D0E /* Frameworks */ = {
			isa = PBXGroup;
			children = (
				6FEDF1C93E2F01AEA01562AF /* Pods_WA4_He_8274.framework */,
			);
			name = Frameworks;
			sourceTree = "<group>";
		};
		831191262AECB7B3007FE1FF /* Edit Contact Screen */ = {
			isa = PBXGroup;
			children = (
				831191272AECB7D1007FE1FF /* EditContactControllerViewController.swift */,
				831191292AECB7E9007FE1FF /* EditContactView.swift */,
			);
			path = "Edit Contact Screen";
			sourceTree = "<group>";
		};
		83F77BB62ACF156F00C0AE86 = {
			isa = PBXGroup;
			children = (
				83F77BC12ACF156F00C0AE86 /* WA4_He_8274 */,
				83F77BC02ACF156F00C0AE86 /* Products */,
				93ECC1B388A36F4CDB1E7B14 /* Pods */,
				56F015E9D906B5A54E997D0E /* Frameworks */,
			);
			sourceTree = "<group>";
		};
		83F77BC02ACF156F00C0AE86 /* Products */ = {
			isa = PBXGroup;
			children = (
				83F77BBF2ACF156F00C0AE86 /* WA4_He_8274.app */,
			);
			name = Products;
			sourceTree = "<group>";
		};
		83F77BC12ACF156F00C0AE86 /* WA4_He_8274 */ = {
			isa = PBXGroup;
			children = (
				831191262AECB7B3007FE1FF /* Edit Contact Screen */,
				83F77BD72ACF173600C0AE86 /* Contact List Screen */,
				83F77BD62ACF172600C0AE86 /* Create Contact Screen */,
				83F77BD82ACF173C00C0AE86 /* Contact Details Screen */,
				83F77BE72ACF191D00C0AE86 /* Data Models */,
				83F77BC22ACF156F00C0AE86 /* AppDelegate.swift */,
				83F77BC42ACF156F00C0AE86 /* SceneDelegate.swift */,
				83F77BEA2AD090F900C0AE86 /* PhoneTypes.swift */,
				83F77BC82ACF156F00C0AE86 /* Main.storyboard */,
				83F77BCB2ACF157100C0AE86 /* Assets.xcassets */,
				83F77BD02ACF157100C0AE86 /* Info.plist */,
				83F77BCD2ACF157100C0AE86 /* LaunchScreen.storyboard */,
				831191222AEC9D56007FE1FF /* NotificationNames.swift */,
				831191242AECB6BA007FE1FF /* APIConfigs.swift */,
			);
			path = WA4_He_8274;
			sourceTree = "<group>";
		};
		83F77BD62ACF172600C0AE86 /* Create Contact Screen */ = {
			isa = PBXGroup;
			children = (
				83F77BDF2ACF184C00C0AE86 /* CreateContactViewController.swift */,
				83F77BE12ACF185C00C0AE86 /* CreateContactView.swift */,
			);
			path = "Create Contact Screen";
			sourceTree = "<group>";
		};
		83F77BD72ACF173600C0AE86 /* Contact List Screen */ = {
			isa = PBXGroup;
			children = (
				83F77BC62ACF156F00C0AE86 /* ViewController.swift */,
				83F77BDA2ACF17F200C0AE86 /* ContactListView.swift */,
				83F77BDC2ACF182300C0AE86 /* TableViewContactCell.swift */,
			);
			path = "Contact List Screen";
			sourceTree = "<group>";
		};
		83F77BD82ACF173C00C0AE86 /* Contact Details Screen */ = {
			isa = PBXGroup;
			children = (
				83F77BEC2AD09E2000C0AE86 /* ContactDetailsViewController.swift */,
				83F77BE32ACF187100C0AE86 /* ContactDetailsView.swift */,
			);
			path = "Contact Details Screen";
			sourceTree = "<group>";
		};
		83F77BE72ACF191D00C0AE86 /* Data Models */ = {
			isa = PBXGroup;
			children = (
				83F77BE82ACF193200C0AE86 /* Contact.swift */,
				8311912E2AEDBF99007FE1FF /* Package.swift */,
			);
			path = "Data Models";
			sourceTree = "<group>";
		};
		93ECC1B388A36F4CDB1E7B14 /* Pods */ = {
			isa = PBXGroup;
			children = (
				C7CF62880248BA7C1067E094 /* Pods-WA4_He_8274.debug.xcconfig */,
				A0F8E35BD09A3D17738712CA /* Pods-WA4_He_8274.release.xcconfig */,
			);
			path = Pods;
			sourceTree = "<group>";
		};
/* End PBXGroup section */

/* Begin PBXNativeTarget section */
		83F77BBE2ACF156F00C0AE86 /* WA4_He_8274 */ = {
			isa = PBXNativeTarget;
			buildConfigurationList = 83F77BD32ACF157100C0AE86 /* Build configuration list for PBXNativeTarget "WA4_He_8274" */;
			buildPhases = (
				11EAF2565BA1F6BE6858BBA4 /* [CP] Check Pods Manifest.lock */,
				83F77BBB2ACF156F00C0AE86 /* Sources */,
				83F77BBC2ACF156F00C0AE86 /* Frameworks */,
				83F77BBD2ACF156F00C0AE86 /* Resources */,
				BE7A0AF5D5D2B64296CAA0EB /* [CP] Embed Pods Frameworks */,
			);
			buildRules = (
			);
			dependencies = (
			);
			name = WA4_He_8274;
			productName = WA4_He_8274;
			productReference = 83F77BBF2ACF156F00C0AE86 /* WA4_He_8274.app */;
			productType = "com.apple.product-type.application";
		};
/* End PBXNativeTarget section */

/* Begin PBXProject section */
		83F77BB72ACF156F00C0AE86 /* Project object */ = {
			isa = PBXProject;
			attributes = {
				BuildIndependentTargetsInParallel = 1;
				LastSwiftUpdateCheck = 1430;
				LastUpgradeCheck = 1430;
				TargetAttributes = {
					83F77BBE2ACF156F00C0AE86 = {
						CreatedOnToolsVersion = 14.3.1;
					};
				};
			};
			buildConfigurationList = 83F77BBA2ACF156F00C0AE86 /* Build configuration list for PBXProject "WA4_He_8274" */;
			compatibilityVersion = "Xcode 14.0";
			developmentRegion = en;
			hasScannedForEncodings = 0;
			knownRegions = (
				en,
				Base,
			);
			mainGroup = 83F77BB62ACF156F00C0AE86;
			productRefGroup = 83F77BC02ACF156F00C0AE86 /* Products */;
			projectDirPath = "";
			projectRoot = "";
			targets = (
				83F77BBE2ACF156F00C0AE86 /* WA4_He_8274 */,
			);
		};
/* End PBXProject section */

/* Begin PBXResourcesBuildPhase section */
		83F77BBD2ACF156F00C0AE86 /* Resources */ = {
			isa = PBXResourcesBuildPhase;
			buildActionMask = 2147483647;
			files = (
				83F77BCF2ACF157100C0AE86 /* LaunchScreen.storyboard in Resources */,
				83F77BCC2ACF157100C0AE86 /* Assets.xcassets in Resources */,
				83F77BCA2ACF156F00C0AE86 /* Main.storyboard in Resources */,
			);
			runOnlyForDeploymentPostprocessing = 0;
		};
/* End PBXResourcesBuildPhase section */

/* Begin PBXShellScriptBuildPhase section */
		11EAF2565BA1F6BE6858BBA4 /* [CP] Check Pods Manifest.lock */ = {
			isa = PBXShellScriptBuildPhase;
			buildActionMask = 2147483647;
			files = (
			);
			inputFileListPaths = (
			);
			inputPaths = (
				"${PODS_PODFILE_DIR_PATH}/Podfile.lock",
				"${PODS_ROOT}/Manifest.lock",
			);
			name = "[CP] Check Pods Manifest.lock";
			outputFileListPaths = (
			);
			outputPaths = (
				"$(DERIVED_FILE_DIR)/Pods-WA4_He_8274-checkManifestLockResult.txt",
			);
			runOnlyForDeploymentPostprocessing = 0;
			shellPath = /bin/sh;
			shellScript = "diff \"${PODS_PODFILE_DIR_PATH}/Podfile.lock\" \"${PODS_ROOT}/Manifest.lock\" > /dev/null\nif [ $? != 0 ] ; then\n    # print error to STDERR\n    echo \"error: The sandbox is not in sync with the Podfile.lock. Run 'pod install' or update your CocoaPods installation.\" >&2\n    exit 1\nfi\n# This output is used by Xcode 'outputs' to avoid re-running this script phase.\necho \"SUCCESS\" > \"${SCRIPT_OUTPUT_FILE_0}\"\n";
			showEnvVarsInLog = 0;
		};
		BE7A0AF5D5D2B64296CAA0EB /* [CP] Embed Pods Frameworks */ = {
			isa = PBXShellScriptBuildPhase;
			buildActionMask = 2147483647;
			files = (
			);
			inputFileListPaths = (
				"${PODS_ROOT}/Target Support Files/Pods-WA4_He_8274/Pods-WA4_He_8274-frameworks-${CONFIGURATION}-input-files.xcfilelist",
			);
			name = "[CP] Embed Pods Frameworks";
			outputFileListPaths = (
				"${PODS_ROOT}/Target Support Files/Pods-WA4_He_8274/Pods-WA4_He_8274-frameworks-${CONFIGURATION}-output-files.xcfilelist",
			);
			runOnlyForDeploymentPostprocessing = 0;
			shellPath = /bin/sh;
			shellScript = "\"${PODS_ROOT}/Target Support Files/Pods-WA4_He_8274/Pods-WA4_He_8274-frameworks.sh\"\n";
			showEnvVarsInLog = 0;
		};
/* End PBXShellScriptBuildPhase section */

/* Begin PBXSourcesBuildPhase section */
		83F77BBB2ACF156F00C0AE86 /* Sources */ = {
			isa = PBXSourcesBuildPhase;
			buildActionMask = 2147483647;
			files = (
				83F77BE42ACF187100C0AE86 /* ContactDetailsView.swift in Sources */,
				831191232AEC9D56007FE1FF /* NotificationNames.swift in Sources */,
				8311912A2AECB7E9007FE1FF /* EditContactView.swift in Sources */,
				83F77BC72ACF156F00C0AE86 /* ViewController.swift in Sources */,
				8311912F2AEDBF99007FE1FF /* Package.swift in Sources */,
				83F77BE92ACF193200C0AE86 /* Contact.swift in Sources */,
				831191252AECB6BA007FE1FF /* APIConfigs.swift in Sources */,
				83F77BC32ACF156F00C0AE86 /* AppDelegate.swift in Sources */,
				83F77BDD2ACF182300C0AE86 /* TableViewContactCell.swift in Sources */,
				83F77BEB2AD090FA00C0AE86 /* PhoneTypes.swift in Sources */,
				83F77BE22ACF185C00C0AE86 /* CreateContactView.swift in Sources */,
				83F77BED2AD09E2000C0AE86 /* ContactDetailsViewController.swift in Sources */,
				83F77BC52ACF156F00C0AE86 /* SceneDelegate.swift in Sources */,
				831191282AECB7D1007FE1FF /* EditContactControllerViewController.swift in Sources */,
				83F77BDB2ACF17F200C0AE86 /* ContactListView.swift in Sources */,
				83F77BE02ACF184C00C0AE86 /* CreateContactViewController.swift in Sources */,
			);
			runOnlyForDeploymentPostprocessing = 0;
		};
/* End PBXSourcesBuildPhase section */

/* Begin PBXVariantGroup section */
		83F77BC82ACF156F00C0AE86 /* Main.storyboard */ = {
			isa = PBXVariantGroup;
			children = (
				83F77BC92ACF156F00C0AE86 /* Base */,
			);
			name = Main.storyboard;
			sourceTree = "<group>";
		};
		83F77BCD2ACF157100C0AE86 /* LaunchScreen.storyboard */ = {
			isa = PBXVariantGroup;
			children = (
				83F77BCE2ACF157100C0AE86 /* Base */,
			);
			name = LaunchScreen.storyboard;
			sourceTree = "<group>";
		};
/* End PBXVariantGroup section */

/* Begin XCBuildConfiguration section */
		83F77BD12ACF157100C0AE86 /* Debug */ = {
			isa = XCBuildConfiguration;
			buildSettings = {
				ALWAYS_SEARCH_USER_PATHS = NO;
				CLANG_ANALYZER_NONNULL = YES;
				CLANG_ANALYZER_NUMBER_OBJECT_CONVERSION = YES_AGGRESSIVE;
				CLANG_CXX_LANGUAGE_STANDARD = "gnu++20";
				CLANG_ENABLE_MODULES = YES;
				CLANG_ENABLE_OBJC_ARC = YES;
				CLANG_ENABLE_OBJC_WEAK = YES;
				CLANG_WARN_BLOCK_CAPTURE_AUTORELEASING = YES;
				CLANG_WARN_BOOL_CONVERSION = YES;
				CLANG_WARN_COMMA = YES;
				CLANG_WARN_CONSTANT_CONVERSION = YES;
				CLANG_WARN_DEPRECATED_OBJC_IMPLEMENTATIONS = YES;
				CLANG_WARN_DIRECT_OBJC_ISA_USAGE = YES_ERROR;
				CLANG_WARN_DOCUMENTATION_COMMENTS = YES;
				CLANG_WARN_EMPTY_BODY = YES;
				CLANG_WARN_ENUM_CONVERSION = YES;
				CLANG_WARN_INFINITE_RECURSION = YES;
				CLANG_WARN_INT_CONVERSION = YES;
				CLANG_WARN_NON_LITERAL_NULL_CONVERSION = YES;
				CLANG_WARN_OBJC_IMPLICIT_RETAIN_SELF = YES;
				CLANG_WARN_OBJC_LITERAL_CONVERSION = YES;
				CLANG_WARN_OBJC_ROOT_CLASS = YES_ERROR;
				CLANG_WARN_QUOTED_INCLUDE_IN_FRAMEWORK_HEADER = YES;
				CLANG_WARN_RANGE_LOOP_ANALYSIS = YES;
				CLANG_WARN_STRICT_PROTOTYPES = YES;
				CLANG_WARN_SUSPICIOUS_MOVE = YES;
				CLANG_WARN_UNGUARDED_AVAILABILITY = YES_AGGRESSIVE;
				CLANG_WARN_UNREACHABLE_CODE = YES;
				CLANG_WARN__DUPLICATE_METHOD_MATCH = YES;
				COPY_PHASE_STRIP = NO;
				DEBUG_INFORMATION_FORMAT = dwarf;
				ENABLE_STRICT_OBJC_MSGSEND = YES;
				ENABLE_TESTABILITY = YES;
				GCC_C_LANGUAGE_STANDARD = gnu11;
				GCC_DYNAMIC_NO_PIC = NO;
				GCC_NO_COMMON_BLOCKS = YES;
				GCC_OPTIMIZATION_LEVEL = 0;
				GCC_PREPROCESSOR_DEFINITIONS = (
					"DEBUG=1",
					"$(inherited)",
				);
				GCC_WARN_64_TO_32_BIT_CONVERSION = YES;
				GCC_WARN_ABOUT_RETURN_TYPE = YES_ERROR;
				GCC_WARN_UNDECLARED_SELECTOR = YES;
				GCC_WARN_UNINITIALIZED_AUTOS = YES_AGGRESSIVE;
				GCC_WARN_UNUSED_FUNCTION = YES;
				GCC_WARN_UNUSED_VARIABLE = YES;
				IPHONEOS_DEPLOYMENT_TARGET = 16.4;
				MTL_ENABLE_DEBUG_INFO = INCLUDE_SOURCE;
				MTL_FAST_MATH = YES;
				ONLY_ACTIVE_ARCH = YES;
				SDKROOT = iphoneos;
				SWIFT_ACTIVE_COMPILATION_CONDITIONS = DEBUG;
				SWIFT_OPTIMIZATION_LEVEL = "-Onone";
			};
			name = Debug;
		};
		83F77BD22ACF157100C0AE86 /* Release */ = {
			isa = XCBuildConfiguration;
			buildSettings = {
				ALWAYS_SEARCH_USER_PATHS = NO;
				CLANG_ANALYZER_NONNULL = YES;
				CLANG_ANALYZER_NUMBER_OBJECT_CONVERSION = YES_AGGRESSIVE;
				CLANG_CXX_LANGUAGE_STANDARD = "gnu++20";
				CLANG_ENABLE_MODULES = YES;
				CLANG_ENABLE_OBJC_ARC = YES;
				CLANG_ENABLE_OBJC_WEAK = YES;
				CLANG_WARN_BLOCK_CAPTURE_AUTORELEASING = YES;
				CLANG_WARN_BOOL_CONVERSION = YES;
				CLANG_WARN_COMMA = YES;
				CLANG_WARN_CONSTANT_CONVERSION = YES;
				CLANG_WARN_DEPRECATED_OBJC_IMPLEMENTATIONS = YES;
				CLANG_WARN_DIRECT_OBJC_ISA_USAGE = YES_ERROR;
				CLANG_WARN_DOCUMENTATION_COMMENTS = YES;
				CLANG_WARN_EMPTY_BODY = YES;
				CLANG_WARN_ENUM_CONVERSION = YES;
				CLANG_WARN_INFINITE_RECURSION = YES;
				CLANG_WARN_INT_CONVERSION = YES;
				CLANG_WARN_NON_LITERAL_NULL_CONVERSION = YES;
				CLANG_WARN_OBJC_IMPLICIT_RETAIN_SELF = YES;
				CLANG_WARN_OBJC_LITERAL_CONVERSION = YES;
				CLANG_WARN_OBJC_ROOT_CLASS = YES_ERROR;
				CLANG_WARN_QUOTED_INCLUDE_IN_FRAMEWORK_HEADER = YES;
				CLANG_WARN_RANGE_LOOP_ANALYSIS = YES;
				CLANG_WARN_STRICT_PROTOTYPES = YES;
				CLANG_WARN_SUSPICIOUS_MOVE = YES;
				CLANG_WARN_UNGUARDED_AVAILABILITY = YES_AGGRESSIVE;
				CLANG_WARN_UNREACHABLE_CODE = YES;
				CLANG_WARN__DUPLICATE_METHOD_MATCH = YES;
				COPY_PHASE_STRIP = NO;
				DEBUG_INFORMATION_FORMAT = "dwarf-with-dsym";
				ENABLE_NS_ASSERTIONS = NO;
				ENABLE_STRICT_OBJC_MSGSEND = YES;
				GCC_C_LANGUAGE_STANDARD = gnu11;
				GCC_NO_COMMON_BLOCKS = YES;
				GCC_WARN_64_TO_32_BIT_CONVERSION = YES;
				GCC_WARN_ABOUT_RETURN_TYPE = YES_ERROR;
				GCC_WARN_UNDECLARED_SELECTOR = YES;
				GCC_WARN_UNINITIALIZED_AUTOS = YES_AGGRESSIVE;
				GCC_WARN_UNUSED_FUNCTION = YES;
				GCC_WARN_UNUSED_VARIABLE = YES;
				IPHONEOS_DEPLOYMENT_TARGET = 16.4;
				MTL_ENABLE_DEBUG_INFO = NO;
				MTL_FAST_MATH = YES;
				SDKROOT = iphoneos;
				SWIFT_COMPILATION_MODE = wholemodule;
				SWIFT_OPTIMIZATION_LEVEL = "-O";
				VALIDATE_PRODUCT = YES;
			};
			name = Release;
		};
		83F77BD42ACF157100C0AE86 /* Debug */ = {
			isa = XCBuildConfiguration;
			baseConfigurationReference = C7CF62880248BA7C1067E094 /* Pods-WA4_He_8274.debug.xcconfig */;
			buildSettings = {
				ASSETCATALOG_COMPILER_APPICON_NAME = AppIcon;
				ASSETCATALOG_COMPILER_GLOBAL_ACCENT_COLOR_NAME = AccentColor;
				CODE_SIGN_STYLE = Automatic;
				CURRENT_PROJECT_VERSION = 1;
				DEVELOPMENT_TEAM = DF43D2S9Y2;
				GENERATE_INFOPLIST_FILE = YES;
				INFOPLIST_FILE = WA4_He_8274/Info.plist;
				INFOPLIST_KEY_UIApplicationSupportsIndirectInputEvents = YES;
				INFOPLIST_KEY_UILaunchStoryboardName = LaunchScreen;
				INFOPLIST_KEY_UIMainStoryboardFile = Main;
				INFOPLIST_KEY_UISupportedInterfaceOrientations_iPad = "UIInterfaceOrientationPortrait UIInterfaceOrientationPortraitUpsideDown UIInterfaceOrientationLandscapeLeft UIInterfaceOrientationLandscapeRight";
				INFOPLIST_KEY_UISupportedInterfaceOrientations_iPhone = "UIInterfaceOrientationPortrait UIInterfaceOrientationLandscapeLeft UIInterfaceOrientationLandscapeRight";
				LD_RUNPATH_SEARCH_PATHS = (
					"$(inherited)",
					"@executable_path/Frameworks",
				);
				MARKETING_VERSION = 1.0;
				PRODUCT_BUNDLE_IDENTIFIER = "chrishe.dev.WA4-He-8274";
				PRODUCT_NAME = "$(TARGET_NAME)";
				SWIFT_EMIT_LOC_STRINGS = YES;
				SWIFT_VERSION = 5.0;
				TARGETED_DEVICE_FAMILY = "1,2";
			};
			name = Debug;
		};
		83F77BD52ACF157100C0AE86 /* Release */ = {
			isa = XCBuildConfiguration;
			baseConfigurationReference = A0F8E35BD09A3D17738712CA /* Pods-WA4_He_8274.release.xcconfig */;
			buildSettings = {
				ASSETCATALOG_COMPILER_APPICON_NAME = AppIcon;
				ASSETCATALOG_COMPILER_GLOBAL_ACCENT_COLOR_NAME = AccentColor;
				CODE_SIGN_STYLE = Automatic;
				CURRENT_PROJECT_VERSION = 1;
				DEVELOPMENT_TEAM = DF43D2S9Y2;
				GENERATE_INFOPLIST_FILE = YES;
				INFOPLIST_FILE = WA4_He_8274/Info.plist;
				INFOPLIST_KEY_UIApplicationSupportsIndirectInputEvents = YES;
				INFOPLIST_KEY_UILaunchStoryboardName = LaunchScreen;
				INFOPLIST_KEY_UIMainStoryboardFile = Main;
				INFOPLIST_KEY_UISupportedInterfaceOrientations_iPad = "UIInterfaceOrientationPortrait UIInterfaceOrientationPortraitUpsideDown UIInterfaceOrientationLandscapeLeft UIInterfaceOrientationLandscapeRight";
				INFOPLIST_KEY_UISupportedInterfaceOrientations_iPhone = "UIInterfaceOrientationPortrait UIInterfaceOrientationLandscapeLeft UIInterfaceOrientationLandscapeRight";
				LD_RUNPATH_SEARCH_PATHS = (
					"$(inherited)",
					"@executable_path/Frameworks",
				);
				MARKETING_VERSION = 1.0;
				PRODUCT_BUNDLE_IDENTIFIER = "chrishe.dev.WA4-He-8274";
				PRODUCT_NAME = "$(TARGET_NAME)";
				SWIFT_EMIT_LOC_STRINGS = YES;
				SWIFT_VERSION = 5.0;
				TARGETED_DEVICE_FAMILY = "1,2";
			};
			name = Release;
		};
/* End XCBuildConfiguration section */

/* Begin XCConfigurationList section */
		83F77BBA2ACF156F00C0AE86 /* Build configuration list for PBXProject "WA4_He_8274" */ = {
			isa = XCConfigurationList;
			buildConfigurations = (
				83F77BD12ACF157100C0AE86 /* Debug */,
				83F77BD22ACF157100C0AE86 /* Release */,
			);
			defaultConfigurationIsVisible = 0;
			defaultConfigurationName = Release;
		};
		83F77BD32ACF157100C0AE86 /* Build configuration list for PBXNativeTarget "WA4_He_8274" */ = {
			isa = XCConfigurationList;
			buildConfigurations = (
				83F77BD42ACF157100C0AE86 /* Debug */,
				83F77BD52ACF157100C0AE86 /* Release */,
			);
			defaultConfigurationIsVisible = 0;
			defaultConfigurationName = Release;
		};
/* End XCConfigurationList section */
	};
	rootObject = 83F77BB72ACF156F00C0AE86 /* Project object */;
}
